github.com/behringer24/argumentative v0.0.2 h1:jxN3IYOMY5kJIM9iSKnQYs581sm5Jt5c5BqOroQYYug=
github.com/behringer24/argumentative v0.0.2/go.mod h1:mKmcVSVU+m/XKIyXy6GClMh2atssqmKPm1LI/mJ8wyk=
github.com/behringer24/argumentative v1.0.2 h1:bnIsGlHlBbhsxdiGYZnHNOFWFaImn1wDuorWzuBQblM=
github.com/behringer24/argumentative v1.0.2/go.mod h1:mKmcVSVU+m/XKIyXy6GClMh2atssqmKPm1LI/mJ8wyk=
